{
  "name": "OpenAI",
  "lockfileVersion": 3,
  "requires": true,
  "packages": {
    "": {
      "devDependencies": {
        "baseline-browser-mapping": "^2.10.18"
      }
    },
    "node_modules/baseline-browser-mapping": {
      "version": "2.10.18",
      "resolved": "https://registry.npmjs.org/baseline-browser-mapping/-/baseline-browser-mapping-2.10.18.tgz",
      "integrity": "sha512-VSnGQAOLtP5mib/DPyg2/t+Tlv65NTBz83BJBJvmLVHHuKJVaDOBvJJykiT5TR++em5nfAySPccDZDa4oSrn8A==",
      "dev": true,
      "license": "Apache-2.0",
      "bin": {
        "baseline-browser-mapping": "dist/cli.cjs"
      },
      "engines": {
        "node": ">=6.0.0"
      }
    }
  }
}
